// !$*UTF8*$!
{
	archiveVersion = 1;
	classes = {
	};
	objectVersion = 46;
	objects = {

/* Begin PBXBuildFile section */
		1849C9B21CCBF6B000249562 /* OnlineFeedback.m in Sources */ = {isa = PBXBuildFile; fileRef = 1849C9B11CCBF6B000249562 /* OnlineFeedback.m */; };
		18DBA2951CCB9172006FD8DB /* GraphViewController.m in Sources */ = {isa = PBXBuildFile; fileRef = 18DBA2941CCB9172006FD8DB /* GraphViewController.m */; };
		18FAD71B1CCC1AA6008B001C /* ProgramsTableViewController.m in Sources */ = {isa = PBXBuildFile; fileRef = 18FAD71A1CCC1AA6008B001C /* ProgramsTableViewController.m */; };
		18FAD71D1CCC220D008B001C /* ProgramName.xib in Resources */ = {isa = PBXBuildFile; fileRef = 18FAD71C1CCC220D008B001C /* ProgramName.xib */; };
		18FAD7201CCC22F1008B001C /* ProgramNamesTableViewCell.m in Sources */ = {isa = PBXBuildFile; fileRef = 18FAD71F1CCC22F1008B001C /* ProgramNamesTableViewCell.m */; };
		59402EBB1CCB78FD003C883D /* main.m in Sources */ = {isa = PBXBuildFile; fileRef = 59402EBA1CCB78FD003C883D /* main.m */; };
		59402EBE1CCB78FD003C883D /* AppDelegate.m in Sources */ = {isa = PBXBuildFile; fileRef = 59402EBD1CCB78FD003C883D /* AppDelegate.m */; };
		59402EC41CCB78FD003C883D /* Main.storyboard in Resources */ = {isa = PBXBuildFile; fileRef = 59402EC21CCB78FD003C883D /* Main.storyboard */; };
		59402EC71CCB78FD003C883D /* Vigor.xcdatamodeld in Sources */ = {isa = PBXBuildFile; fileRef = 59402EC51CCB78FD003C883D /* Vigor.xcdatamodeld */; };
		59402EC91CCB78FD003C883D /* Assets.xcassets in Resources */ = {isa = PBXBuildFile; fileRef = 59402EC81CCB78FD003C883D /* Assets.xcassets */; };
		59402ECC1CCB78FD003C883D /* LaunchScreen.storyboard in Resources */ = {isa = PBXBuildFile; fileRef = 59402ECA1CCB78FD003C883D /* LaunchScreen.storyboard */; };
		59402ED71CCB78FD003C883D /* VigorTests.m in Sources */ = {isa = PBXBuildFile; fileRef = 59402ED61CCB78FD003C883D /* VigorTests.m */; };
		59402EE21CCB78FD003C883D /* VigorUITests.m in Sources */ = {isa = PBXBuildFile; fileRef = 59402EE11CCB78FD003C883D /* VigorUITests.m */; };
		59402EF71CCB7C2E003C883D /* InputTableViewCell.m in Sources */ = {isa = PBXBuildFile; fileRef = 59402EF61CCB7C2E003C883D /* InputTableViewCell.m */; };
		59402EFA1CCB7D89003C883D /* InputDetailsTableViewController.m in Sources */ = {isa = PBXBuildFile; fileRef = 59402EF91CCB7D89003C883D /* InputDetailsTableViewController.m */; };
		59402EFE1CCB83B9003C883D /* VUserDetails.m in Sources */ = {isa = PBXBuildFile; fileRef = 59402EFD1CCB83B9003C883D /* VUserDetails.m */; };
		59402F011CCB9F66003C883D /* BMRDetailsViewController.m in Sources */ = {isa = PBXBuildFile; fileRef = 59402F001CCB9F66003C883D /* BMRDetailsViewController.m */; };
		59402F121CCBEE26003C883D /* Feedback+CoreDataProperties.m in Sources */ = {isa = PBXBuildFile; fileRef = 59402F0F1CCBEE26003C883D /* Feedback+CoreDataProperties.m */; };
		59402F131CCBEE26003C883D /* Feedback.m in Sources */ = {isa = PBXBuildFile; fileRef = 59402F111CCBEE26003C883D /* Feedback.m */; };
		C19E3BEE30117CD98AAC04B7 /* Pods_Vigor.framework in Frameworks */ = {isa = PBXBuildFile; fileRef = 21FBA265FC8CD058F1F7667F /* Pods_Vigor.framework */; };
/* End PBXBuildFile section */

/* Begin PBXContainerItemProxy section */
		59402ED31CCB78FD003C883D /* PBXContainerItemProxy */ = {
			isa = PBXContainerItemProxy;
			containerPortal = 59402EAE1CCB78FD003C883D /* Project object */;
			proxyType = 1;
			remoteGlobalIDString = 59402EB51CCB78FD003C883D;
			remoteInfo = Vigor;
		};
		59402EDE1CCB78FD003C883D /* PBXContainerItemProxy */ = {
			isa = PBXContainerItemProxy;
			containerPortal = 59402EAE1CCB78FD003C883D /* Project object */;
			proxyType = 1;
			remoteGlobalIDString = 59402EB51CCB78FD003C883D;
			remoteInfo = Vigor;
		};
/* End PBXContainerItemProxy section */

/* Begin PBXFileReference section */
		1849C9B01CCBF6B000249562 /* OnlineFeedback.h */ = {isa = PBXFileReference; fileEncoding = 4; lastKnownFileType = sourcecode.c.h; path = OnlineFeedback.h; sourceTree = "<group>"; };
		1849C9B11CCBF6B000249562 /* OnlineFeedback.m */ = {isa = PBXFileReference; fileEncoding = 4; lastKnownFileType = sourcecode.c.objc; path = OnlineFeedback.m; sourceTree = "<group>"; };
		18DBA2931CCB9172006FD8DB /* GraphViewController.h */ = {isa = PBXFileReference; fileEncoding = 4; lastKnownFileType = sourcecode.c.h; path = GraphViewController.h; sourceTree = "<group>"; };
		18DBA2941CCB9172006FD8DB /* GraphViewController.m */ = {isa = PBXFileReference; fileEncoding = 4; lastKnownFileType = sourcecode.c.objc; path = GraphViewController.m; sourceTree = "<group>"; };
		18FAD7191CCC1AA6008B001C /* ProgramsTableViewController.h */ = {isa = PBXFileReference; fileEncoding = 4; lastKnownFileType = sourcecode.c.h; path = ProgramsTableViewController.h; sourceTree = "<group>"; };
		18FAD71A1CCC1AA6008B001C /* ProgramsTableViewController.m */ = {isa = PBXFileReference; fileEncoding = 4; lastKnownFileType = sourcecode.c.objc; path = ProgramsTableViewController.m; sourceTree = "<group>"; };
		18FAD71C1CCC220D008B001C /* ProgramName.xib */ = {isa = PBXFileReference; fileEncoding = 4; lastKnownFileType = file.xib; path = ProgramName.xib; sourceTree = "<group>"; };
		18FAD71E1CCC22F1008B001C /* ProgramNamesTableViewCell.h */ = {isa = PBXFileReference; fileEncoding = 4; lastKnownFileType = sourcecode.c.h; path = ProgramNamesTableViewCell.h; sourceTree = "<group>"; };
		18FAD71F1CCC22F1008B001C /* ProgramNamesTableViewCell.m */ = {isa = PBXFileReference; fileEncoding = 4; lastKnownFileType = sourcecode.c.objc; path = ProgramNamesTableViewCell.m; sourceTree = "<group>"; };
		21FBA265FC8CD058F1F7667F /* Pods_Vigor.framework */ = {isa = PBXFileReference; explicitFileType = wrapper.framework; includeInIndex = 0; path = Pods_Vigor.framework; sourceTree = BUILT_PRODUCTS_DIR; };
		2698BD35DD876B11EF302015 /* Pods-Vigor.release.xcconfig */ = {isa = PBXFileReference; includeInIndex = 1; lastKnownFileType = text.xcconfig; name = "Pods-Vigor.release.xcconfig"; path = "Pods/Target Support Files/Pods-Vigor/Pods-Vigor.release.xcconfig"; sourceTree = "<group>"; };
		59402EB61CCB78FD003C883D /* Vigor.app */ = {isa = PBXFileReference; explicitFileType = wrapper.application; includeInIndex = 0; path = Vigor.app; sourceTree = BUILT_PRODUCTS_DIR; };
		59402EBA1CCB78FD003C883D /* main.m */ = {isa = PBXFileReference; lastKnownFileType = sourcecode.c.objc; path = main.m; sourceTree = "<group>"; };
		59402EBC1CCB78FD003C883D /* AppDelegate.h */ = {isa = PBXFileReference; lastKnownFileType = sourcecode.c.h; path = AppDelegate.h; sourceTree = "<group>"; };
		59402EBD1CCB78FD003C883D /* AppDelegate.m */ = {isa = PBXFileReference; lastKnownFileType = sourcecode.c.objc; path = AppDelegate.m; sourceTree = "<group>"; };
		59402EC31CCB78FD003C883D /* Base */ = {isa = PBXFileReference; lastKnownFileType = file.storyboard; name = Base; path = Base.lproj/Main.storyboard; sourceTree = "<group>"; };
		59402EC61CCB78FD003C883D /* Vigor.xcdatamodel */ = {isa = PBXFileReference; lastKnownFileType = wrapper.xcdatamodel; path = Vigor.xcdatamodel; sourceTree = "<group>"; };
		59402EC81CCB78FD003C883D /* Assets.xcassets */ = {isa = PBXFileReference; lastKnownFileType = folder.assetcatalog; path = Assets.xcassets; sourceTree = "<group>"; };
		59402ECB1CCB78FD003C883D /* Base */ = {isa = PBXFileReference; lastKnownFileType = file.storyboard; name = Base; path = Base.lproj/LaunchScreen.storyboard; sourceTree = "<group>"; };
		59402ECD1CCB78FD003C883D /* Info.plist */ = {isa = PBXFileReference; lastKnownFileType = text.plist.xml; path = Info.plist; sourceTree = "<group>"; };
		59402ED21CCB78FD003C883D /* VigorTests.xctest */ = {isa = PBXFileReference; explicitFileType = wrapper.cfbundle; includeInIndex = 0; path = VigorTests.xctest; sourceTree = BUILT_PRODUCTS_DIR; };
		59402ED61CCB78FD003C883D /* VigorTests.m */ = {isa = PBXFileReference; lastKnownFileType = sourcecode.c.objc; path = VigorTests.m; sourceTree = "<group>"; };
		59402ED81CCB78FD003C883D /* Info.plist */ = {isa = PBXFileReference; lastKnownFileType = text.plist.xml; path = Info.plist; sourceTree = "<group>"; };
		59402EDD1CCB78FD003C883D /* VigorUITests.xctest */ = {isa = PBXFileReference; explicitFileType = wrapper.cfbundle; includeInIndex = 0; path = VigorUITests.xctest; sourceTree = BUILT_PRODUCTS_DIR; };
		59402EE11CCB78FD003C883D /* VigorUITests.m */ = {isa = PBXFileReference; lastKnownFileType = sourcecode.c.objc; path = VigorUITests.m; sourceTree = "<group>"; };
		59402EE31CCB78FD003C883D /* Info.plist */ = {isa = PBXFileReference; lastKnownFileType = text.plist.xml; path = Info.plist; sourceTree = "<group>"; };
		59402EF51CCB7C2E003C883D /* InputTableViewCell.h */ = {isa = PBXFileReference; fileEncoding = 4; lastKnownFileType = sourcecode.c.h; name = InputTableViewCell.h; path = Views/Cells/InputTableViewCell.h; sourceTree = "<group>"; };
		59402EF61CCB7C2E003C883D /* InputTableViewCell.m */ = {isa = PBXFileReference; fileEncoding = 4; lastKnownFileType = sourcecode.c.objc; name = InputTableViewCell.m; path = Views/Cells/InputTableViewCell.m; sourceTree = "<group>"; };
		59402EF81CCB7D89003C883D /* InputDetailsTableViewController.h */ = {isa = PBXFileReference; fileEncoding = 4; lastKnownFileType = sourcecode.c.h; name = InputDetailsTableViewController.h; path = Controllers/InputDetailsTableViewController.h; sourceTree = "<group>"; };
		59402EF91CCB7D89003C883D /* InputDetailsTableViewController.m */ = {isa = PBXFileReference; fileEncoding = 4; lastKnownFileType = sourcecode.c.objc; name = InputDetailsTableViewController.m; path = Controllers/InputDetailsTableViewController.m; sourceTree = "<group>"; };
		59402EFB1CCB827D003C883D /* PrefixHeader.pch */ = {isa = PBXFileReference; fileEncoding = 4; lastKnownFileType = sourcecode.c.h; path = PrefixHeader.pch; sourceTree = "<group>"; };
		59402EFC1CCB83B9003C883D /* VUserDetails.h */ = {isa = PBXFileReference; fileEncoding = 4; lastKnownFileType = sourcecode.c.h; name = VUserDetails.h; path = Models/VUserDetails.h; sourceTree = "<group>"; };
		59402EFD1CCB83B9003C883D /* VUserDetails.m */ = {isa = PBXFileReference; fileEncoding = 4; lastKnownFileType = sourcecode.c.objc; name = VUserDetails.m; path = Models/VUserDetails.m; sourceTree = "<group>"; };
		59402EFF1CCB9F66003C883D /* BMRDetailsViewController.h */ = {isa = PBXFileReference; fileEncoding = 4; lastKnownFileType = sourcecode.c.h; name = BMRDetailsViewController.h; path = Controllers/BMRDetailsViewController.h; sourceTree = "<group>"; };
		59402F001CCB9F66003C883D /* BMRDetailsViewController.m */ = {isa = PBXFileReference; fileEncoding = 4; lastKnownFileType = sourcecode.c.objc; name = BMRDetailsViewController.m; path = Controllers/BMRDetailsViewController.m; sourceTree = "<group>"; };
		59402F0E1CCBEE26003C883D /* Feedback+CoreDataProperties.h */ = {isa = PBXFileReference; fileEncoding = 4; lastKnownFileType = sourcecode.c.h; name = "Feedback+CoreDataProperties.h"; path = "Models/Feedback+CoreDataProperties.h"; sourceTree = "<group>"; };
		59402F0F1CCBEE26003C883D /* Feedback+CoreDataProperties.m */ = {isa = PBXFileReference; fileEncoding = 4; lastKnownFileType = sourcecode.c.objc; name = "Feedback+CoreDataProperties.m"; path = "Models/Feedback+CoreDataProperties.m"; sourceTree = "<group>"; };
		59402F101CCBEE26003C883D /* Feedback.h */ = {isa = PBXFileReference; fileEncoding = 4; lastKnownFileType = sourcecode.c.h; name = Feedback.h; path = Models/Feedback.h; sourceTree = "<group>"; };
		59402F111CCBEE26003C883D /* Feedback.m */ = {isa = PBXFileReference; fileEncoding = 4; lastKnownFileType = sourcecode.c.objc; name = Feedback.m; path = Models/Feedback.m; sourceTree = "<group>"; };
		92B42F8E1E691D46398F7668 /* Pods-Vigor.debug.xcconfig */ = {isa = PBXFileReference; includeInIndex = 1; lastKnownFileType = text.xcconfig; name = "Pods-Vigor.debug.xcconfig"; path = "Pods/Target Support Files/Pods-Vigor/Pods-Vigor.debug.xcconfig"; sourceTree = "<group>"; };
/* End PBXFileReference section */

/* Begin PBXFrameworksBuildPhase section */
		59402EB31CCB78FD003C883D /* Frameworks */ = {
			isa = PBXFrameworksBuildPhase;
			buildActionMask = 2147483647;
			files = (
				C19E3BEE30117CD98AAC04B7 /* Pods_Vigor.framework in Frameworks */,
			);
			runOnlyForDeploymentPostprocessing = 0;
		};
		59402ECF1CCB78FD003C883D /* Frameworks */ = {
			isa = PBXFrameworksBuildPhase;
			buildActionMask = 2147483647;
			files = (
			);
			runOnlyForDeploymentPostprocessing = 0;
		};
		59402EDA1CCB78FD003C883D /* Frameworks */ = {
			isa = PBXFrameworksBuildPhase;
			buildActionMask = 2147483647;
			files = (
			);
			runOnlyForDeploymentPostprocessing = 0;
		};
/* End PBXFrameworksBuildPhase section */

/* Begin PBXGroup section */
		18FAD7211CCC2335008B001C /* Program Names */ = {
			isa = PBXGroup;
			children = (
				18FAD71C1CCC220D008B001C /* ProgramName.xib */,
				18FAD71E1CCC22F1008B001C /* ProgramNamesTableViewCell.h */,
				18FAD71F1CCC22F1008B001C /* ProgramNamesTableViewCell.m */,
			);
			name = "Program Names";
			sourceTree = "<group>";
		};
		18FAD7221CCC2361008B001C /* Input */ = {
			isa = PBXGroup;
			children = (
				59402EF51CCB7C2E003C883D /* InputTableViewCell.h */,
				59402EF61CCB7C2E003C883D /* InputTableViewCell.m */,
			);
			name = Input;
			sourceTree = "<group>";
		};
		2B2AA8300FA3FAD770F8560B /* Frameworks */ = {
			isa = PBXGroup;
			children = (
				21FBA265FC8CD058F1F7667F /* Pods_Vigor.framework */,
			);
			name = Frameworks;
			sourceTree = "<group>";
		};
		59402EAD1CCB78FD003C883D = {
			isa = PBXGroup;
			children = (
				59402EB81CCB78FD003C883D /* Vigor */,
				59402ED51CCB78FD003C883D /* VigorTests */,
				59402EE01CCB78FD003C883D /* VigorUITests */,
				59402EB71CCB78FD003C883D /* Products */,
				A2A3F842952B4093580A0D26 /* Pods */,
				2B2AA8300FA3FAD770F8560B /* Frameworks */,
			);
			sourceTree = "<group>";
		};
		59402EB71CCB78FD003C883D /* Products */ = {
			isa = PBXGroup;
			children = (
				59402EB61CCB78FD003C883D /* Vigor.app */,
				59402ED21CCB78FD003C883D /* VigorTests.xctest */,
				59402EDD1CCB78FD003C883D /* VigorUITests.xctest */,
			);
			name = Products;
			sourceTree = "<group>";
		};
		59402EB81CCB78FD003C883D /* Vigor */ = {
			isa = PBXGroup;
			children = (
				59402EF21CCB791D003C883D /* Model */,
				59402EF11CCB7918003C883D /* Views */,
				59402EF01CCB7912003C883D /* Controllers */,
				59402EEF1CCB7902003C883D /* App Delegate */,
				59402EC81CCB78FD003C883D /* Assets.xcassets */,
				59402EB91CCB78FD003C883D /* Supporting Files */,
			);
			path = Vigor;
			sourceTree = "<group>";
		};
		59402EB91CCB78FD003C883D /* Supporting Files */ = {
			isa = PBXGroup;
			children = (
				59402ECD1CCB78FD003C883D /* Info.plist */,
				59402EBA1CCB78FD003C883D /* main.m */,
				59402EFB1CCB827D003C883D /* PrefixHeader.pch */,
			);
			name = "Supporting Files";
			sourceTree = "<group>";
		};
		59402ED51CCB78FD003C883D /* VigorTests */ = {
			isa = PBXGroup;
			children = (
				59402ED61CCB78FD003C883D /* VigorTests.m */,
				59402ED81CCB78FD003C883D /* Info.plist */,
			);
			path = VigorTests;
			sourceTree = "<group>";
		};
		59402EE01CCB78FD003C883D /* VigorUITests */ = {
			isa = PBXGroup;
			children = (
				59402EE11CCB78FD003C883D /* VigorUITests.m */,
				59402EE31CCB78FD003C883D /* Info.plist */,
			);
			path = VigorUITests;
			sourceTree = "<group>";
		};
		59402EEF1CCB7902003C883D /* App Delegate */ = {
			isa = PBXGroup;
			children = (
				59402EBC1CCB78FD003C883D /* AppDelegate.h */,
				59402EBD1CCB78FD003C883D /* AppDelegate.m */,
			);
			name = "App Delegate";
			sourceTree = "<group>";
		};
		59402EF01CCB7912003C883D /* Controllers */ = {
			isa = PBXGroup;
			children = (
				59402EF81CCB7D89003C883D /* InputDetailsTableViewController.h */,
				59402EF91CCB7D89003C883D /* InputDetailsTableViewController.m */,
				18DBA2931CCB9172006FD8DB /* GraphViewController.h */,
				18DBA2941CCB9172006FD8DB /* GraphViewController.m */,
				59402EFF1CCB9F66003C883D /* BMRDetailsViewController.h */,
				59402F001CCB9F66003C883D /* BMRDetailsViewController.m */,
				18FAD7191CCC1AA6008B001C /* ProgramsTableViewController.h */,
				18FAD71A1CCC1AA6008B001C /* ProgramsTableViewController.m */,
			);
			name = Controllers;
			sourceTree = "<group>";
		};
		59402EF11CCB7918003C883D /* Views */ = {
			isa = PBXGroup;
			children = (
				59402EF41CCB7C09003C883D /* Cells */,
				59402EF31CCB7948003C883D /* Launch */,
				59402EC21CCB78FD003C883D /* Main.storyboard */,
			);
			name = Views;
			sourceTree = "<group>";
		};
		59402EF21CCB791D003C883D /* Model */ = {
			isa = PBXGroup;
			children = (
				59402F0E1CCBEE26003C883D /* Feedback+CoreDataProperties.h */,
				59402F0F1CCBEE26003C883D /* Feedback+CoreDataProperties.m */,
				59402F101CCBEE26003C883D /* Feedback.h */,
				59402F111CCBEE26003C883D /* Feedback.m */,
				59402EC51CCB78FD003C883D /* Vigor.xcdatamodeld */,
				59402EFC1CCB83B9003C883D /* VUserDetails.h */,
				59402EFD1CCB83B9003C883D /* VUserDetails.m */,
				1849C9B01CCBF6B000249562 /* OnlineFeedback.h */,
				1849C9B11CCBF6B000249562 /* OnlineFeedback.m */,
			);
			name = Model;
			sourceTree = "<group>";
		};
		59402EF31CCB7948003C883D /* Launch */ = {
			isa = PBXGroup;
			children = (
				59402ECA1CCB78FD003C883D /* LaunchScreen.storyboard */,
			);
			name = Launch;
			sourceTree = "<group>";
		};
		59402EF41CCB7C09003C883D /* Cells */ = {
			isa = PBXGroup;
			children = (
				18FAD7211CCC2335008B001C /* Program Names */,
				18FAD7221CCC2361008B001C /* Input */,
			);
			name = Cells;
			sourceTree = "<group>";
		};
		A2A3F842952B4093580A0D26 /* Pods */ = {
			isa = PBXGroup;
			children = (
				92B42F8E1E691D46398F7668 /* Pods-Vigor.debug.xcconfig */,
				2698BD35DD876B11EF302015 /* Pods-Vigor.release.xcconfig */,
			);
			name = Pods;
			sourceTree = "<group>";
		};
/* End PBXGroup section */

/* Begin PBXNativeTarget section */
		59402EB51CCB78FD003C883D /* Vigor */ = {
			isa = PBXNativeTarget;
			buildConfigurationList = 59402EE61CCB78FD003C883D /* Build configuration list for PBXNativeTarget "Vigor" */;
			buildPhases = (
				AD8AAB74AA22C54A442775D4 /* Check Pods Manifest.lock */,
				59402EB21CCB78FD003C883D /* Sources */,
				59402EB31CCB78FD003C883D /* Frameworks */,
				59402EB41CCB78FD003C883D /* Resources */,
				5727BAC2834607B43ADC7A35 /* Copy Pods Resources */,
				DC0D125554CC78F5C981D498 /* Embed Pods Frameworks */,
			);
			buildRules = (
			);
			dependencies = (
			);
			name = Vigor;
			productName = Vigor;
			productReference = 59402EB61CCB78FD003C883D /* Vigor.app */;
			productType = "com.apple.product-type.application";
		};
		59402ED11CCB78FD003C883D /* VigorTests */ = {
			isa = PBXNativeTarget;
			buildConfigurationList = 59402EE91CCB78FD003C883D /* Build configuration list for PBXNativeTarget "VigorTests" */;
			buildPhases = (
				59402ECE1CCB78FD003C883D /* Sources */,
				59402ECF1CCB78FD003C883D /* Frameworks */,
				59402ED01CCB78FD003C883D /* Resources */,
			);
			buildRules = (
			);
			dependencies = (
				59402ED41CCB78FD003C883D /* PBXTargetDependency */,
			);
			name = VigorTests;
			productName = VigorTests;
			productReference = 59402ED21CCB78FD003C883D /* VigorTests.xctest */;
			productType = "com.apple.product-type.bundle.unit-test";
		};
		59402EDC1CCB78FD003C883D /* VigorUITests */ = {
			isa = PBXNativeTarget;
			buildConfigurationList = 59402EEC1CCB78FD003C883D /* Build configuration list for PBXNativeTarget "VigorUITests" */;
			buildPhases = (
				59402ED91CCB78FD003C883D /* Sources */,
				59402EDA1CCB78FD003C883D /* Frameworks */,
				59402EDB1CCB78FD003C883D /* Resources */,
			);
			buildRules = (
			);
			dependencies = (
				59402EDF1CCB78FD003C883D /* PBXTargetDependency */,
			);
			name = VigorUITests;
			productName = VigorUITests;
			productReference = 59402EDD1CCB78FD003C883D /* VigorUITests.xctest */;
			productType = "com.apple.product-type.bundle.ui-testing";
		};
/* End PBXNativeTarget section */

/* Begin PBXProject section */
		59402EAE1CCB78FD003C883D /* Project object */ = {
			isa = PBXProject;
			attributes = {
				LastUpgradeCheck = 0730;
				ORGANIZATIONNAME = "Dark Army";
				TargetAttributes = {
					59402EB51CCB78FD003C883D = {
						CreatedOnToolsVersion = 7.3;
					};
					59402ED11CCB78FD003C883D = {
						CreatedOnToolsVersion = 7.3;
						TestTargetID = 59402EB51CCB78FD003C883D;
					};
					59402EDC1CCB78FD003C883D = {
						CreatedOnToolsVersion = 7.3;
						TestTargetID = 59402EB51CCB78FD003C883D;
					};
				};
			};
			buildConfigurationList = 59402EB11CCB78FD003C883D /* Build configuration list for PBXProject "Vigor" */;
			compatibilityVersion = "Xcode 3.2";
			developmentRegion = English;
			hasScannedForEncodings = 0;
			knownRegions = (
				en,
				Base,
			);
			mainGroup = 59402EAD1CCB78FD003C883D;
			productRefGroup = 59402EB71CCB78FD003C883D /* Products */;
			projectDirPath = "";
			projectRoot = "";
			targets = (
				59402EB51CCB78FD003C883D /* Vigor */,
				59402ED11CCB78FD003C883D /* VigorTests */,
				59402EDC1CCB78FD003C883D /* VigorUITests */,
			);
		};
/* End PBXProject section */

/* Begin PBXResourcesBuildPhase section */
		59402EB41CCB78FD003C883D /* Resources */ = {
			isa = PBXResourcesBuildPhase;
			buildActionMask = 2147483647;
			files = (
				59402ECC1CCB78FD003C883D /* LaunchScreen.storyboard in Resources */,
				18FAD71D1CCC220D008B001C /* ProgramName.xib in Resources */,
				59402EC91CCB78FD003C883D /* Assets.xcassets in Resources */,
				59402EC41CCB78FD003C883D /* Main.storyboard in Resources */,
			);
			runOnlyForDeploymentPostprocessing = 0;
		};
		59402ED01CCB78FD003C883D /* Resources */ = {
			isa = PBXResourcesBuildPhase;
			buildActionMask = 2147483647;
			files = (
			);
			runOnlyForDeploymentPostprocessing = 0;
		};
		59402EDB1CCB78FD003C883D /* Resources */ = {
			isa = PBXResourcesBuildPhase;
			buildActionMask = 2147483647;
			files = (
			);
			runOnlyForDeploymentPostprocessing = 0;
		};
/* End PBXResourcesBuildPhase section */

/* Begin PBXShellScriptBuildPhase section */
		5727BAC2834607B43ADC7A35 /* Copy Pods Resources */ = {
			isa = PBXShellScriptBuildPhase;
			buildActionMask = 2147483647;
			files = (
			);
			inputPaths = (
			);
			name = "Copy Pods Resources";
			outputPaths = (
			);
			runOnlyForDeploymentPostprocessing = 0;
			shellPath = /bin/sh;
			shellScript = "\"${SRCROOT}/Pods/Target Support Files/Pods-Vigor/Pods-Vigor-resources.sh\"\n";
			showEnvVarsInLog = 0;
		};
		AD8AAB74AA22C54A442775D4 /* Check Pods Manifest.lock */ = {
			isa = PBXShellScriptBuildPhase;
			buildActionMask = 2147483647;
			files = (
			);
			inputPaths = (
			);
			name = "Check Pods Manifest.lock";
			outputPaths = (
			);
			runOnlyForDeploymentPostprocessing = 0;
			shellPath = /bin/sh;
			shellScript = "diff \"${PODS_ROOT}/../Podfile.lock\" \"${PODS_ROOT}/Manifest.lock\" > /dev/null\nif [[ $? != 0 ]] ; then\n    cat << EOM\nerror: The sandbox is not in sync with the Podfile.lock. Run 'pod install' or update your CocoaPods installation.\nEOM\n    exit 1\nfi\n";
			showEnvVarsInLog = 0;
		};
		DC0D125554CC78F5C981D498 /* Embed Pods Frameworks */ = {
			isa = PBXShellScriptBuildPhase;
			buildActionMask = 2147483647;
			files = (
			);
			inputPaths = (
			);
			name = "Embed Pods Frameworks";
			outputPaths = (
			);
			runOnlyForDeploymentPostprocessing = 0;
			shellPath = /bin/sh;
			shellScript = "\"${SRCROOT}/Pods/Target Support Files/Pods-Vigor/Pods-Vigor-frameworks.sh\"\n";
			showEnvVarsInLog = 0;
		};
/* End PBXShellScriptBuildPhase section */

/* Begin PBXSourcesBuildPhase section */
		59402EB21CCB78FD003C883D /* Sources */ = {
			isa = PBXSourcesBuildPhase;
			buildActionMask = 2147483647;
			files = (
				59402EC71CCB78FD003C883D /* Vigor.xcdatamodeld in Sources */,
				59402F131CCBEE26003C883D /* Feedback.m in Sources */,
				59402EBE1CCB78FD003C883D /* AppDelegate.m in Sources */,
				1849C9B21CCBF6B000249562 /* OnlineFeedback.m in Sources */,
				59402F121CCBEE26003C883D /* Feedback+CoreDataProperties.m in Sources */,
				59402EFE1CCB83B9003C883D /* VUserDetails.m in Sources */,
				59402F011CCB9F66003C883D /* BMRDetailsViewController.m in Sources */,
				18DBA2951CCB9172006FD8DB /* GraphViewController.m in Sources */,
				18FAD7201CCC22F1008B001C /* ProgramNamesTableViewCell.m in Sources */,
				59402EF71CCB7C2E003C883D /* InputTableViewCell.m in Sources */,
				59402EFA1CCB7D89003C883D /* InputDetailsTableViewController.m in Sources */,
				18FAD71B1CCC1AA6008B001C /* ProgramsTableViewController.m in Sources */,
				59402EBB1CCB78FD003C883D /* main.m in Sources */,
			);
			runOnlyForDeploymentPostprocessing = 0;
		};
		59402ECE1CCB78FD003C883D /* Sources */ = {
			isa = PBXSourcesBuildPhase;
			buildActionMask = 2147483647;
			files = (
				59402ED71CCB78FD003C883D /* VigorTests.m in Sources */,
			);
			runOnlyForDeploymentPostprocessing = 0;
		};
		59402ED91CCB78FD003C883D /* Sources */ = {
			isa = PBXSourcesBuildPhase;
			buildActionMask = 2147483647;
			files = (
				59402EE21CCB78FD003C883D /* VigorUITests.m in Sources */,
			);
			runOnlyForDeploymentPostprocessing = 0;
		};
/* End PBXSourcesBuildPhase section */

/* Begin PBXTargetDependency section */
		59402ED41CCB78FD003C883D /* PBXTargetDependency */ = {
			isa = PBXTargetDependency;
			target = 59402EB51CCB78FD003C883D /* Vigor */;
			targetProxy = 59402ED31CCB78FD003C883D /* PBXContainerItemProxy */;
		};
		59402EDF1CCB78FD003C883D /* PBXTargetDependency */ = {
			isa = PBXTargetDependency;
			target = 59402EB51CCB78FD003C883D /* Vigor */;
			targetProxy = 59402EDE1CCB78FD003C883D /* PBXContainerItemProxy */;
		};
/* End PBXTargetDependency section */

/* Begin PBXVariantGroup section */
		59402EC21CCB78FD003C883D /* Main.storyboard */ = {
			isa = PBXVariantGroup;
			children = (
				59402EC31CCB78FD003C883D /* Base */,
			);
			name = Main.storyboard;
			sourceTree = "<group>";
		};
		59402ECA1CCB78FD003C883D /* LaunchScreen.storyboard */ = {
			isa = PBXVariantGroup;
			children = (
				59402ECB1CCB78FD003C883D /* Base */,
			);
			name = LaunchScreen.storyboard;
			sourceTree = "<group>";
		};
/* End PBXVariantGroup section */

/* Begin XCBuildConfiguration section */
		59402EE41CCB78FD003C883D /* Debug */ = {
			isa = XCBuildConfiguration;
			buildSettings = {
				ALWAYS_SEARCH_USER_PATHS = NO;
				CLANG_ANALYZER_NONNULL = YES;
				CLANG_CXX_LANGUAGE_STANDARD = "gnu++0x";
				CLANG_CXX_LIBRARY = "libc++";
				CLANG_ENABLE_MODULES = YES;
				CLANG_ENABLE_OBJC_ARC = YES;
				CLANG_WARN_BOOL_CONVERSION = YES;
				CLANG_WARN_CONSTANT_CONVERSION = YES;
				CLANG_WARN_DIRECT_OBJC_ISA_USAGE = YES_ERROR;
				CLANG_WARN_EMPTY_BODY = YES;
				CLANG_WARN_ENUM_CONVERSION = YES;
				CLANG_WARN_INT_CONVERSION = YES;
				CLANG_WARN_OBJC_ROOT_CLASS = YES_ERROR;
				CLANG_WARN_UNREACHABLE_CODE = YES;
				CLANG_WARN__DUPLICATE_METHOD_MATCH = YES;
				"CODE_SIGN_IDENTITY[sdk=iphoneos*]" = "iPhone Developer";
				COPY_PHASE_STRIP = NO;
				DEBUG_INFORMATION_FORMAT = dwarf;
				ENABLE_STRICT_OBJC_MSGSEND = YES;
				ENABLE_TESTABILITY = YES;
				GCC_C_LANGUAGE_STANDARD = gnu99;
				GCC_DYNAMIC_NO_PIC = NO;
				GCC_NO_COMMON_BLOCKS = YES;
				GCC_OPTIMIZATION_LEVEL = 0;
				GCC_PREPROCESSOR_DEFINITIONS = (
					"DEBUG=1",
					"$(inherited)",
				);
				GCC_WARN_64_TO_32_BIT_CONVERSION = YES;
				GCC_WARN_ABOUT_RETURN_TYPE = YES_ERROR;
				GCC_WARN_UNDECLARED_SELECTOR = YES;
				GCC_WARN_UNINITIALIZED_AUTOS = YES_AGGRESSIVE;
				GCC_WARN_UNUSED_FUNCTION = YES;
				GCC_WARN_UNUSED_VARIABLE = YES;
				IPHONEOS_DEPLOYMENT_TARGET = 9.3;
				MTL_ENABLE_DEBUG_INFO = YES;
				ONLY_ACTIVE_ARCH = YES;
				SDKROOT = iphoneos;
				TARGETED_DEVICE_FAMILY = "1,2";
			};
			name = Debug;
		};
		59402EE51CCB78FD003C883D /* Release */ = {
			isa = XCBuildConfiguration;
			buildSettings = {
				ALWAYS_SEARCH_USER_PATHS = NO;
				CLANG_ANALYZER_NONNULL = YES;
				CLANG_CXX_LANGUAGE_STANDARD = "gnu++0x";
				CLANG_CXX_LIBRARY = "libc++";
				CLANG_ENABLE_MODULES = YES;
				CLANG_ENABLE_OBJC_ARC = YES;
				CLANG_WARN_BOOL_CONVERSION = YES;
				CLANG_WARN_CONSTANT_CONVERSION = YES;
				CLANG_WARN_DIRECT_OBJC_ISA_USAGE = YES_ERROR;
				CLANG_WARN_EMPTY_BODY = YES;
				CLANG_WARN_ENUM_CONVERSION = YES;
				CLANG_WARN_INT_CONVERSION = YES;
				CLANG_WARN_OBJC_ROOT_CLASS = YES_ERROR;
				CLANG_WARN_UNREACHABLE_CODE = YES;
				CLANG_WARN__DUPLICATE_METHOD_MATCH = YES;
				"CODE_SIGN_IDENTITY[sdk=iphoneos*]" = "iPhone Developer";
				COPY_PHASE_STRIP = NO;
				DEBUG_INFORMATION_FORMAT = "dwarf-with-dsym";
				ENABLE_NS_ASSERTIONS = NO;
				ENABLE_STRICT_OBJC_MSGSEND = YES;
				GCC_C_LANGUAGE_STANDARD = gnu99;
				GCC_NO_COMMON_BLOCKS = YES;
				GCC_WARN_64_TO_32_BIT_CONVERSION = YES;
				GCC_WARN_ABOUT_RETURN_TYPE = YES_ERROR;
				GCC_WARN_UNDECLARED_SELECTOR = YES;
				GCC_WARN_UNINITIALIZED_AUTOS = YES_AGGRESSIVE;
				GCC_WARN_UNUSED_FUNCTION = YES;
				GCC_WARN_UNUSED_VARIABLE = YES;
				IPHONEOS_DEPLOYMENT_TARGET = 9.3;
				MTL_ENABLE_DEBUG_INFO = NO;
				SDKROOT = iphoneos;
				TARGETED_DEVICE_FAMILY = "1,2";
				VALIDATE_PRODUCT = YES;
			};
			name = Release;
		};
		59402EE71CCB78FD003C883D /* Debug */ = {
			isa = XCBuildConfiguration;
			baseConfigurationReference = 92B42F8E1E691D46398F7668 /* Pods-Vigor.debug.xcconfig */;
			buildSettings = {
				ASSETCATALOG_COMPILER_APPICON_NAME = AppIcon;
				EMBEDDED_CONTENT_CONTAINS_SWIFT = YES;
				GCC_PRECOMPILE_PREFIX_HEADER = YES;
				GCC_PREFIX_HEADER = Vigor/PrefixHeader.pch;
				INFOPLIST_FILE = Vigor/Info.plist;
				LD_RUNPATH_SEARCH_PATHS = "$(inherited) @executable_path/Frameworks";
				PRODUCT_BUNDLE_IDENTIFIER = "com.Dark-Army.Vigor";
				PRODUCT_NAME = "$(TARGET_NAME)";
				TARGETED_DEVICE_FAMILY = 1;
			};
			name = Debug;
		};
		59402EE81CCB78FD003C883D /* Release */ = {
			isa = XCBuildConfiguration;
			baseConfigurationReference = 2698BD35DD876B11EF302015 /* Pods-Vigor.release.xcconfig */;
			buildSettings = {
				ASSETCATALOG_COMPILER_APPICON_NAME = AppIcon;
				EMBEDDED_CONTENT_CONTAINS_SWIFT = YES;
				GCC_PRECOMPILE_PREFIX_HEADER = YES;
				GCC_PREFIX_HEADER = Vigor/PrefixHeader.pch;
				INFOPLIST_FILE = Vigor/Info.plist;
				LD_RUNPATH_SEARCH_PATHS = "$(inherited) @executable_path/Frameworks";
				PRODUCT_BUNDLE_IDENTIFIER = "com.Dark-Army.Vigor";
				PRODUCT_NAME = "$(TARGET_NAME)";
				TARGETED_DEVICE_FAMILY = 1;
			};
			name = Release;
		};
		59402EEA1CCB78FD003C883D /* Debug */ = {
			isa = XCBuildConfiguration;
			buildSettings = {
				BUNDLE_LOADER = "$(TEST_HOST)";
				INFOPLIST_FILE = VigorTests/Info.plist;
				LD_RUNPATH_SEARCH_PATHS = "$(inherited) @executable_path/Frameworks @loader_path/Frameworks";
				PRODUCT_BUNDLE_IDENTIFIER = "com.Dark-Army.VigorTests";
				PRODUCT_NAME = "$(TARGET_NAME)";
				TEST_HOST = "$(BUILT_PRODUCTS_DIR)/Vigor.app/Vigor";
			};
			name = Debug;
		};
		59402EEB1CCB78FD003C883D /* Release */ = {
			isa = XCBuildConfiguration;
			buildSettings = {
				BUNDLE_LOADER = "$(TEST_HOST)";
				INFOPLIST_FILE = VigorTests/Info.plist;
				LD_RUNPATH_SEARCH_PATHS = "$(inherited) @executable_path/Frameworks @loader_path/Frameworks";
				PRODUCT_BUNDLE_IDENTIFIER = "com.Dark-Army.VigorTests";
				PRODUCT_NAME = "$(TARGET_NAME)";
				TEST_HOST = "$(BUILT_PRODUCTS_DIR)/Vigor.app/Vigor";
			};
			name = Release;
		};
		59402EED1CCB78FD003C883D /* Debug */ = {
			isa = XCBuildConfiguration;
			buildSettings = {
				INFOPLIST_FILE = VigorUITests/Info.plist;
				LD_RUNPATH_SEARCH_PATHS = "$(inherited) @executable_path/Frameworks @loader_path/Frameworks";
				PRODUCT_BUNDLE_IDENTIFIER = "com.Dark-Army.VigorUITests";
				PRODUCT_NAME = "$(TARGET_NAME)";
				TEST_TARGET_NAME = Vigor;
			};
			name = Debug;
		};
		59402EEE1CCB78FD003C883D /* Release */ = {
			isa = XCBuildConfiguration;
			buildSettings = {
				INFOPLIST_FILE = VigorUITests/Info.plist;
				LD_RUNPATH_SEARCH_PATHS = "$(inherited) @executable_path/Frameworks @loader_path/Frameworks";
				PRODUCT_BUNDLE_IDENTIFIER = "com.Dark-Army.VigorUITests";
				PRODUCT_NAME = "$(TARGET_NAME)";
				TEST_TARGET_NAME = Vigor;
			};
			name = Release;
		};
/* End XCBuildConfiguration section */

/* Begin XCConfigurationList section */
		59402EB11CCB78FD003C883D /* Build configuration list for PBXProject "Vigor" */ = {
			isa = XCConfigurationList;
			buildConfigurations = (
				59402EE41CCB78FD003C883D /* Debug */,
				59402EE51CCB78FD003C883D /* Release */,
			);
			defaultConfigurationIsVisible = 0;
			defaultConfigurationName = Release;
		};
		59402EE61CCB78FD003C883D /* Build configuration list for PBXNativeTarget "Vigor" */ = {
			isa = XCConfigurationList;
			buildConfigurations = (
				59402EE71CCB78FD003C883D /* Debug */,
				59402EE81CCB78FD003C883D /* Release */,
			);
			defaultConfigurationIsVisible = 0;
			defaultConfigurationName = Release;
		};
		59402EE91CCB78FD003C883D /* Build configuration list for PBXNativeTarget "VigorTests" */ = {
			isa = XCConfigurationList;
			buildConfigurations = (
				59402EEA1CCB78FD003C883D /* Debug */,
				59402EEB1CCB78FD003C883D /* Release */,
			);
			defaultConfigurationIsVisible = 0;
			defaultConfigurationName = Release;
		};
		59402EEC1CCB78FD003C883D /* Build configuration list for PBXNativeTarget "VigorUITests" */ = {
			isa = XCConfigurationList;
			buildConfigurations = (
				59402EED1CCB78FD003C883D /* Debug */,
				59402EEE1CCB78FD003C883D /* Release */,
			);
			defaultConfigurationIsVisible = 0;
			defaultConfigurationName = Release;
		};
/* End XCConfigurationList section */

/* Begin XCVersionGroup section */
		59402EC51CCB78FD003C883D /* Vigor.xcdatamodeld */ = {
			isa = XCVersionGroup;
			children = (
				59402EC61CCB78FD003C883D /* Vigor.xcdatamodel */,
			);
			currentVersion = 59402EC61CCB78FD003C883D /* Vigor.xcdatamodel */;
			path = Vigor.xcdatamodeld;
			sourceTree = "<group>";
			versionGroupType = wrapper.xcdatamodel;
		};
/* End XCVersionGroup section */
	};
	rootObject = 59402EAE1CCB78FD003C883D /* Project object */;
}
